{
  "name": "arcaea-ptt-calculator",
  "version": "1.0.0",
  "lockfileVersion": 3,
  "requires": true,
  "packages": {
    "": {
      "name": "arcaea-ptt-calculator",
      "version": "1.0.0",
      "devDependencies": {
        "@capacitor/android": "^5.7.0",
        "@capacitor/cli": "^5.7.0",
        "@capacitor/core": "^5.7.0"
      }
    },
    "node_modules/@capacitor/android": {
      "version": "5.7.0",
      "resolved": "https://registry.npmjs.org/@capacitor/android/-/android-5.7.0.tgz",
      "integrity": "sha512-kBfWIE0x5D2+z/+1Y274LRRAXH3v5d61rB+3Zx9ZBtyYHv5qQ2RqKe53rzvHN9aGfQ4Z8eSE9NlTkRFbqB0w==",
      "peerDependencies": {
        "@capacitor/core": "^5.0.0"
      }
    },
    "node_modules/@capacitor/cli": {
      "version": "5.7.0",
      "resolved": "https://registry.npmjs.org/@capacitor/cli/-/cli-5.7.0.tgz",
      "integrity": "sha512-mD2YNF0A+xr1V1gy3W0KL2LJCRi1LmZB6g4WlJbED1t9Zbl3A+pW8g2xi2WfPdpFmv3os9V8+f5swjNxIE0w==",
      "dependencies": {
        "@ionic/utils-array": "3.3.1",
        "@ionic/utils-fs": "3.3.1",
        "@ionic/utils-object": "3.3.1",
        "@ionic/utils-process": "2.1.11",
        "@ionic/utils-stream": "3.3.1",
        "@ionic/utils-subprocess": "2.1.12",
        "@ionic/utils-terminal": "2.3.4",
        "chalk": "^4.1.2",
        "commander": "9.4.1",
        "debug": "^4.3.4",
        "tslib": "2.6.2",
        "yaml": "2.3.4"
      },
      "bin": {
        "cap": "bin/capacitor"
      },
      "engines": {
        "node": ">=16.0.0"
      }
    },
    "node_modules/@capacitor/core": {
      "version": "5.7.0",
      "resolved": "https://registry.npmjs.org/@capacitor/core/-/core-5.7.0.tgz",
      "integrity": "sha512-kvS2PaKou62jnwOYnP8FO2nEQ7xI+S5v8R/K1AV6aDQEVSH5qVtcBaIV+01nKtVovUSPRHPWdU3Pau7BHcvhA==",
      "dependencies": {
        "tslib": "^2.1.0"
      }
    },
    "node_modules/@ionic/utils-array": {
      "version": "3.3.1",
      "resolved": "https://registry.npmjs.org/@ionic/utils-array/-/utils-array-3.3.1.tgz",
      "integrity": "sha512-uUNZiFXDuNGcQUJrpElFfgy5yE+kp2Q7f/IEdazTqWWvRql1TXCvQi8eAay6eFPgWwK92KJYPeBKnslT1hWbEA=="
    },
    "node_modules/@ionic/utils-fs": {
      "version": "3.3.1",
      "resolved": "https://registry.npmjs.org/@ionic/utils-fs/-/utils-fs-3.3.1.tgz",
      "integrity": "sha512-Ci/GSBczV8NaKU6Nm6Uq2IVYhAdnErqJaBRsCtQTv86+kRCk1KNRCczItzLxVsQgsPVGRrbQz3JON8NELvdpI6A==",
      "dependencies": {
        "@ionic/utils-array": "3.3.1",
        "@ionic/utils-process": "2.1.11",
        "@ionic/utils-promises": "1.1.3",
        "@ionic/utils-string": "3.3.1",
        "debug": "^4.3.4",
        "fs-extra": "^9.1.0",
        "tslib": "2.6.2"
      }
    },
    "node_modules/@ionic/utils-object": {
      "version": "3.3.1",
      "resolved": "https://registry.npmjs.org/@ionic/utils-object/-/utils-object-3.3.1.tgz",
      "integrity": "sha512-LNkZ1TXgmmdijB+2fKDADUVgOMvd2g0xEo/kG7B3LPuvzO6FqC1BtQKjzUAC+atnYH6ZFjwK2+vGvxunMSXKXw==",
      "dependencies": {
        "@ionic/utils-array": "3.3.1",
        "debug": "^4.3.4",
        "tslib": "2.6.2"
      }
    },
    "node_modules/@ionic/utils-process": {
      "version": "2.1.11",
      "resolved": "https://registry.npmjs.org/@ionic/utils-process/-/utils-process-2.1.11.tgz",
      "integrity": "sha512-focOrFJh6HtV7fkcCzsF4knNBvQ+Ve/aTmaRCM09a5UP8uwR4CgiH4Dm+84QfueB+tCf94WkaJKwTb+gnmzkQ==",
      "dependencies": {
        "@ionic/utils-object": "3.3.1",
        "@ionic/utils-terminal": "2.3.4",
        "debug": "^4.3.4",
        "signal-exit": "^3.0.7",
        "tree-kill": "^1.2.2",
        "tslib": "2.6.2"
      },
      "engines": {
        "node": ">=16.0.0"
      }
    },
    "node_modules/@ionic/utils-promises": {
      "version": "1.1.3",
      "resolved": "https://registry.npmjs.org/@ionic/utils-promises/-/utils-promises-1.1.3.tgz",
      "integrity": "sha512-m+8uUs8DsDwqP0c8VQcqSsZUyKtCtSNZbFkcR3/tQcrA5ZrcxK6MgKnWm3VRQOOdBRpwZQEAwJ698GdTtnrw==",
      "dependencies": {
        "debug": "^4.3.4"
      }
    },
    "node_modules/@ionic/utils-stream": {
      "version": "3.3.1",
      "resolved": "https://registry.npmjs.org/@ionic/utils-stream/-/utils-stream-3.3.1.tgz",
      "integrity": "sha512-N8QgmhhxtlMHNaZ+Jg1VMTGgAzqd/AOV+R6UEZtrmvzFNeNMP1W9z0yMy3+S7/aDI8yF/+nB6aKCAmXev1wLPQ==",
      "dependencies": {
        "@ionic/utils-array": "3.3.1",
        "@ionic/utils-object": "3.3.1",
        "@ionic/utils-promises": "1.1.3",
        "debug": "^4.3.4",
        "tslib": "2.6.2"
      }
    },
    "node_modules/@ionic/utils-subprocess": {
      "version": "2.1.12",
      "resolved": "https://registry.npmjs.org/@ionic/utils-subprocess/-/utils-subprocess-2.1.12.tgz",
      "integrity": "sha512-5pvg+D+M+HhQmmxeMLp1qxxzQl4yF6XKoh2/Y5mw56IsjL2YP2xOxK/+WVe5VeXUbKw7bY5+Z1NbSBPV5nSw==",
      "dependencies": {
        "@ionic/utils-array": "3.3.1",
        "@ionic/utils-fs": "3.3.1",
        "@ionic/utils-process": "2.1.11",
        "@ionic/utils-terminal": "2.3.4",
        "cross-spawn": "^7.0.3",
        "debug": "^4.3.4",
        "tslib": "2.6.2"
      },
      "engines": {
        "node": ">=16.0.0"
      }
    },
    "node_modules/@ionic/utils-terminal": {
      "version": "2.3.4",
      "resolved": "https://registry.npmjs.org/@ionic/utils-terminal/-/utils-terminal-2.3.4.tgz",
      "integrity": "sha512-Z5ikrr4n0b/if4aWfLGPuXqbdq+b+frLVnAWUawuFbcXCP6aUby0m8WvQ85R5UPNBwLx8JkC4A6QMp+uwtOB6A==",
      "dependencies": {
        "debug": "^4.3.4",
        "tslib": "2.6.2"
      },
      "engines": {
        "node": ">=16.0.0"
      }
    },
    "node_modules/ansi-styles": {
      "version": "4.3.0",
      "resolved": "https://registry.npmjs.org/ansi-styles/-/ansi-styles-4.3.0.tgz",
      "integrity": "sha512-zbB9rCJAT1rbjiVDb2hqKFHNYLxgtk8NURxZ3IZwD3F6NtxbXZQCnnSi1Lkx+IDohdPlFp222wVALIheZJQSEg==",
      "dependencies": {
        "color-convert": "^2.0.1"
      },
      "engines": {
        "node": ">=8"
      }
    },
    "node_modules/at-least-node": {
      "version": "1.0.0",
      "resolved": "https://registry.npmjs.org/at-least-node/-/at-least-node-1.0.0.tgz",
      "integrity": "sha512-+q/t7Ekv1EDY2l6Gda6LLiX14rU9TV20Wa3ofeQmwPFZbOMo9DXrLbOjFaaclkXKWidIaopwAObQDqwWtGUjqg==",
      "engines": {
        "node": ">= 4.0.0"
      }
    },
    "node_modules/balanced-match": {
      "version": "1.0.2",
      "resolved": "https://registry.npmjs.org/balanced-match/-/balanced-match-1.0.2.tgz",
      "integrity": "sha512-3oSeUO0TMV67hN1AmbXsK4yaqU7tjiHlbxRDZOpH0KW9+CeX4bRAaX0Anxt0tx2MrpRpWwQaPwIlISEJhYU5Pw=="
    },
    "node_modules/brace-expansion": {
      "version": "1.1.11",
      "resolved": "https://registry.npmjs.org/brace-expansion/-/brace-expansion-1.1.11.tgz",
      "integrity": "sha512-iCuPHDFgrHX7H2vEI/5xpz07zSHB00TpugqhmYtVmMO6518mCuRMoOYFldEBl0g187ufozdaHgWKcYFb61qGiA==",
      "dependencies": {
        "balanced-match": "^1.0.0",
        "concat-map": "0.0.1"
      }
    },
    "node_modules/chalk": {
      "version": "4.1.2",
      "resolved": "https://registry.npmjs.org/chalk/-/chalk-4.1.2.tgz",
      "integrity": "sha512-oKnbhFyRIXpUuez8iBMmyEa4nbj4IOQyuhc/wy9kY7/WVPcwIO9VA668Pu8RkO7+0G76SLROeyw9CpQ061i4mA==",
      "dependencies": {
        "ansi-styles": "^4.1.0",
        "supports-color": "^7.1.0"
      },
      "engines": {
        "node": ">=10"
      }
    },
    "node_modules/color-convert": {
      "version": "2.0.1",
      "resolved": "https://registry.npmjs.org/color-convert/-/color-convert-2.0.1.tgz",
      "integrity": "sha512-RRECPsj7iu/xb5oKYcsFHSppFNnsj/52OVTRKb4zP5onXwVF3zVmmToNcOfGC+CRDpfK/Uist4POsdsj37t+Y29Q==",
      "engines": {
        "node": ">=7.0.0"
      }
    },
    "node_modules/commander": {
      "version": "9.4.1",
      "resolved": "https://registry.npmjs.org/commander/-/commander-9.4.1.tgz",
      "integrity": "sha512-5EEkTNyLNGZrCrrUDRbqr7VKhuCMvjwn97Ze294Y5QciakHHA1UBHNZI+OH7GxKQy5Wn5uEhjrjlhNdFLtK2lSw==",
      "engines": {
        "node": "^12.20.0 || >=14"
      }
    },
    "node_modules/concat-map": {
      "version": "0.0.1",
      "resolved": "https://registry.npmjs.org/concat-map/-/concat-map-0.0.1.tgz",
      "integrity": "sha512-SSO1IGJkIaLjHQ3lItnVMmVPtLY90t0i2THNlRdbK3T4Bv+FIVIvDNHqWl4r0R7zlNnBTjCFA+5B/gd3FQQQ=="
    },
    "node_modules/cross-spawn": {
      "version": "7.0.3",
      "resolved": "https://registry.npmjs.org/cross-spawn/-/cross-spawn-7.0.3.tgz",
      "integrity": "sha512-iRDPJKUPVEND7dHPO8rkbOnPpyDygcDFtWjpeWNCgy8WP2rXcxXL8TskReQl6OrB2G7+UJrags1q15Fudc7D6Dw==",
      "dependencies": {
        "path-key": "^3.1.0",
        "shebang-command": "^2.0.0",
        "which": "^2.0.1"
      },
      "engines": {
        "node": ">= 8"
      }
    },
    "node_modules/debug": {
      "version": "4.3.4",
      "resolved": "https://registry.npmjs.org/debug/-/debug-4.3.4.tgz",
      "integrity": "sha512-PRWFHuSU3eDtQJPvnNY7Jcket1j0t5OuOsFzPPzsekD52Zl8qUfFIPEiswXqIvHWGVHOgX+7G05OV5UfJbt7bw==",
      "dependencies": {
        "ms": "2.1.2"
      },
      "engines": {
        "node": ">=6.0"
      },
      "peerDependenciesMeta": {
        "supports-color": {
          "optional": true
        }
      }
    },
    "node_modules/execa": {
      "version": "5.1.1",
      "resolved": "https://registry.npmjs.org/execa/-/execa-5.1.1.tgz",
      "integrity": "sha512-8uSpZZocAZRBAPIEINJj3Lo9HyGitllczc27Eh5YYojjMFMn8yHMDMaUHE2Jqfq05DQucuSzm1cidgQrW2tdCg==",
      "dependencies": {
        "cross-spawn": "^7.0.3",
        "get-stream": "^6.0.0",
        "human-signals": "^2.1.0",
        "is-stream": "^2.0.0",
        "merge-stream": "^2.0.0",
        "npm-run-path": "^4.0.1",
        "onetime": "^5.1.2",
        "signal-exit": "^3.0.3",
        "strip-final-newline": "^2.0.0"
      },
      "engines": {
        "node": ">=10"
      },
      "funding": {
        "url": "https://github.com/sindresorhus/execa?sponsor=1"
      }
    },
    "node_modules/fs-extra": {
      "version": "9.1.0",
      "resolved": "https://registry.npmjs.org/fs-extra/-/fs-extra-9.1.0.tgz",
      "integrity": "sha512-hcg3ZmepS30/7BSFqRvoo3DOMQu7IjqyO5MWiJLasP3Y1q李世YC5PcBff1lthQU+gbusjwWNHtSwJ9bFa5mxbA==",
      "dependencies": {
        "at-least-node": "^1.0.0",
        "graceful-fs": "^4.2.0",
        "jsonfile": "^6.0.1",
        "universalify": "^2.0.0"
      },
      "engines": {
        "node": ">=10"
      }
    },
    "node_modules/fs.realpath": {
      "version": "1.0.0",
      "resolved": "https://registry.npmjs.org/fs.realpath/-/fs.realpath-1.0.0.tgz",
      "integrity": "sha512-OO0pH2lK6a0hZnAdau5ItzHPI6pUlvI7jMVnxUQRtw4owF2wk8lOSabtGDCTX4onGmMNh3hqYW8AUlJ1xDRlYQ=="
    },
    "node_modules/get-stream": {
      "version": "6.0.1",
      "resolved": "https://registry.npmjs.org/get-stream/-/get-stream-6.0.1.tgz",
      "integrity": "sha512-ts6Wi+2j3jQjqi0w5xc1xjdPLZpQFQ5I2r/BcaECt4M8NjHX3s5hoV9lcCWmAglylggWh1Hs3v0pVlmeQyPA==",
      "engines": {
        "node": ">=10"
      },
      "funding": {
        "url": "https://github.com/sponsors/sindresorhus"
      }
    },
    "node_modules/glob": {
      "version": "7.2.3",
      "resolved": "https://registry.npmjs.org/glob/-/glob-7.2.3.tgz",
      "integrity": "sha512-nFR0zLpU2YCaRxwoCJvL6UvCH2JFyFVIvwTLsIf21AuHlMskA1hhTdk+LlYJtOlYt9v6dvszD2BGRqBL+iQKw==",
      "dependencies": {
        "fs.realpath": "^1.0.0",
        "inflight": "^1.0.4",
        "inherits": "2",
        "minimatch": "^3.1.1",
        "once": "^1.3.0",
        "path-is-absolute": "^1.0.0"
      },
      "engines": {
        "node": "*"
      },
      "funding": {
        "url": "https://github.com/sponsors/isaacs"
      }
    },
    "node_modules/graceful-fs": {
      "version": "4.2.11",
      "resolved": "https://registry.npmjs.org/graceful-fs/-/graceful-fs-4.2.11.tgz",
      "integrity": "sha512-RbJ5/jmFcNNCcDV5o9eTnBLJ/HszWV0P73bc+Ff4nS/rJj+YaS6IGyiOL0VoBYX+l1Wrl3k63h/KrH+nhJ0XvQ=="
    },
    "node_modules/has-flag": {
      "version": "4.0.0",
      "resolved": "https://registry.npmjs.org/has-flag/-/has-flag-4.0.0.tgz",
      "integrity": "sha512-EykJT/Q1KjTWctppgIAgfSO0tKVuZUjhgMr17kqTumMl6Afv3EISleU7qZUzoXDFTAHTDC4NOoG/ZxU3EvlMPQ==",
      "engines": {
        "node": ">=8"
      }
    },
    "node_modules/human-signals": {
      "version": "2.1.0",
      "resolved": "https://registry.npmjs.org/human-signals/-/human-signals-2.1.0.tgz",
      "integrity": "sha512-B4FFZ6q/T2jhhksgkbEW3HBvWIfDW85snkQgawt07S7J5QXTk6BkNV+0yAeZrM5QpMAdYlocGoljn0sJ/WQkFw==",
      "engines": {
        "node": ">=10.17.0"
      }
    },
    "node_modules/inflight": {
      "version": "1.0.6",
      "resolved": "https://registry.npmjs.org/inflight/-/inflight-1.0.6.tgz",
      "integrity": "sha512-k92Ib08B6yp80UQnqkCY+IU/I5v5a8I7V2VnLrjJCVsZc+/tc4xZQVnBBgiQISD6BZ69co2CGKvqBJrNhEgA==",
      "dependencies": {
        "once": "^1.3.0",
        "wrappy": "1"
      }
    },
    "node_modules/inherits": {
      "version": "2.0.4",
      "resolved": "https://registry.npmjs.org/inherits/-/inherits-2.0.4.tgz",
      "integrity": "sha512-k/vGaX4/Yla3WzyMCvTQOXYeIHvqOKtnqBduzTHpzpQZzAskKMhZ2K+EnBiSM9zGSoIFeMpXKxa4dYeZIQqewQ=="
    },
    "node_modules/is-stream": {
      "version": "2.0.1",
      "resolved": "https://registry.npmjs.org/is-stream/-/is-stream-2.0.1.tgz",
      "integrity": "sha512-hFoiJiTl63nn+kstHGBtffWSEx4K2C+5jkefla+adDcwOfqTSdjE6pUA8u+kMmkPLeyxZANUkpiMEE2NDrrIVXQ==",
      "engines": {
        "node": ">=8"
      },
      "funding": {
        "url": "https://github.com/sponsors/sindresorhus"
      }
    },
    "node_modules/isexe": {
      "version": "2.0.0",
      "resolved": "https://registry.npmjs.org/isexe/-/isexe-2.0.0.tgz",
      "integrity": "sha512-RHxMLp9lnKHGHRng9QFhRCMbYAcVpn69smSGcq3f36xjgVVWThj4qqLbTLlq7Ssj8B+fIQ1EuCEGI2lKsyQeIw=="
    },
    "node_modules/jsonfile": {
      "version": "6.1.0",
      "resolved": "https://registry.npmjs.org/jsonfile/-/jsonfile-6.1.0.tgz",
      "integrity": "sha512-5dgndWOriYSm5cnYaJNhalLNDKOqFwyDB/rr1E9ZsGciGvKPs8R2xYGCacuf3z6K1YKDz182fd+fY3cn3pMqXQ==",
      "dependencies": {
        "universalify": "^2.0.0"
      },
      "optionalDependencies": {
        "graceful-fs": "^4.1.6"
      }
    },
    "node_modules/merge-stream": {
      "version": "2.0.0",
      "resolved": "https://registry.npmjs.org/merge-stream/-/merge-stream-2.0.0.tgz",
      "integrity": "sha512-abv/qCcuDlH9qYvUpP5uCkLnaKvqjCoutlj5BvxewAbOiHFfINj/WFEuQrYUu4hA5vZgMLkoKgZZkt4kGvYmOA=="
    },
    "node_modules/mimic-fn": {
      "version": "2.1.0",
      "resolved": "https://registry.npmjs.org/mimic-fn/-/mimic-fn-2.1.0.tgz",
      "integrity": "sha512-OqbOk5oEQeAZ8WXWydlu9HJjz9WVdEIvamMCcXmuqUYjTknH/sqsWvhQ3vgwKFRR1HpjvNBKQ37nbJgYzGqGcg==",
      "engines": {
        "node": ">=6"
      }
    },
    "node_modules/minimatch": {
      "version": "3.1.2",
      "resolved": "https://registry.npmjs.org/minimatch/-/minimatch-3.1.2.tgz",
      "integrity": "sha512-J7p63hRiAjw1NDEww1W7i37+ByIrOWO5XQQAzZ3VOcL0PNybwpfmV/N05zFAzwQ9USyEcX6t3UO+K5aqBQOIHw==",
      "dependencies": {
        "brace-expansion": "^1.1.7"
      },
      "engines": {
        "node": "*"
      }
    },
    "node_modules/ms": {
      "version": "2.1.2",
      "resolved": "https://registry.npmjs.org/ms/-/ms-2.1.2.tgz",
      "integrity": "sha512-sGkPx+VjMtmA6MX27oA4FBFELFCZZ4S4XqeGOXCv68tT+jb3vk/RyaKWP0PTKyWtmLSM0b+adUTEvbs1PEaH2w=="
    },
    "node_modules/npm-run-path": {
      "version": "4.0.1",
      "resolved": "https://registry.npmjs.org/npm-run-path/-/npm-run-path-4.0.1.tgz",
      "integrity": "sha512-S48WzEW77v6RUO+qEt3wzJJ3BdxC8OODMuAa4JjKOcnIiAl1he0L0EqTPgWiY+UCNLFwYCjKlM0aL4DWXuPOZA==",
      "dependencies": {
        "path-key": "^3.0.0"
      },
      "engines": {
        "node": ">=8"
      }
    },
    "node_modules/onetime": {
      "version": "5.1.2",
      "resolved": "https://registry.npmjs.org/onetime/-/onetime-5.1.2.tgz",
      "integrity": "sha512-kbpaSSGJTWdAY5KPVeMOKXSrPtr8C8C7wodJbcsd51jRnmD+GZu8Y0VoU6Dm5Z4vWr0IgI1KujBwsLeCP+2+/F0==",
      "dependencies": {
        "mimic-fn": "^2.1.0"
      },
      "engines": {
        "node": ">=6"
      },
      "funding": {
        "url": "https://github.com/sponsors/sindresorhus"
      }
    },
    "node_modules/once": {
      "version": "1.4.0",
      "resolved": "https://registry.npmjs.org/once/-/once-1.4.0.tgz",
      "integrity": "sha512-lNaJgI+2Q5URQBkccEKHTQOPaXdUxnZZElQTZY0MFUAuaEqe1E+Nyvgdz/aIyNi6Z9MzO5dv1H8n58/GELp3+w==",
      "dependencies": {
        "wrappy": "1"
      }
    },
    "node_modules/path-is-absolute": {
      "version": "1.0.1",
      "resolved": "https://registry.npmjs.org/path-is-absolute/-/path-is-absolute-1.0.1.tgz",
      "integrity": "sha512-AVbw3UJ2z9qZ3NVHeQZcLu7DkXpZVds1DvJoLFwnQjvXTBfYMbkm0p1cj9WImlqwDLY1TTHwC6cK1vOVlCgRQ==",
      "engines": {
        "node": ">=0.10.0"
      }
    },
    "node_modules/path-key": {
      "version": "3.1.1",
      "resolved": "https://registry.npmjs.org/path-key/-/path-key-3.1.1.tgz",
      "integrity": "sha512-ojmeN0qd+y0jszEtoY48r0Peq5dwMEkIlCOu6Q5f41lfkswXuKtYrhgoTpLnyIcHm24Uhqx+5Tqm2InSwLhE6Q==",
      "engines": {
        "node": ">=8"
      }
    },
    "node_modules/shebang-command": {
      "version": "2.0.0",
      "resolved": "https://registry.npmjs.org/shebang-command/-/shebang-command-2.0.0.tgz",
      "integrity": "sha512-kHxr2zZpYtdmrN1qDjrrX/Z1rR1kG8Dx+gkpK1G4eXmvXswmcE1hTWBWYUzlraYw1/yZp6YuDY77YtvbN0dmA==",
      "dependencies": {
        "shebang-regex": "^3.0.0"
      },
      "engines": {
        "node": ">=8"
      }
    },
    "node_modules/shebang-regex": {
      "version": "3.0.0",
      "resolved": "https://registry.npmjs.org/shebang-regex/-/shebang-regex-3.0.0.tgz",
      "integrity": "sha512-7++dFhtcx3353uBaq8DDR4NuxBetBzC7ZQOhmTQInHEd6bSrXdiEyzCvG07Z44UYd7Sh7D+FG+oXDF8kyilf5Q==",
      "engines": {
        "node": ">=8"
      }
    },
    "node_modules/signal-exit": {
      "version": "3.0.7",
      "resolved": "https://registry.npmjs.org/signal-exit/-/signal-exit-3.0.7.tgz",
      "integrity": "sha512-wnD2ZE+l+SPC/uoS0vXeE9L1+0wuaMqKlfz9AMUo38JsyLSbWSxWFQxmU7bnlO5rKDEsnkLkpmj2Na5wv5OA=="
    },
    "node_modules/strip-final-newline": {
      "version": "2.0.0",
      "resolved": "https://registry.npmjs.org/strip-final-newline/-/strip-final-newline-2.0.0.tgz",
      "integrity": "sha512-BrpvfNAE3dcvq7ll3xVumzjKjZQ5tI1sEUIKr3Uoks0XUl45St3FlatVqef9prk4jRDzhW6WZg+3bk93y6pLjA==",
      "engines": {
        "node": ">=6"
      }
    },
    "node_modules/supports-color": {
      "version": "7.2.0",
      "resolved": "https://registry.npmjs.org/supports-color/-/supports-color-7.2.0.tgz",
      "integrity": "sha512-qpCAvRl9stuOHveKsn7HncJRvv501qIacKzQlO/+Lwxc9+0q2wLyv4Dfvt80/DPn2pqOBsJdDiogXGR9+OvwRw==",
      "dependencies": {
        "has-flag": "^4.0.0"
      },
      "engines": {
        "node": ">=8"
      }
    },
    "node_modules/tree-kill": {
      "version": "1.2.2",
      "resolved": "https://registry.npmjs.org/tree-kill/-/tree-kill-1.2.2.tgz",
      "integrity": "sha512-L0Orpi8qGpRG//Nd+H90vFB+3iYn1R3h8L1YepU75A71Qw4Lwlp5Mgi2I9S4F+rRH4bktZMlaMBxblfqGQyA==",
      "bin": {
        "tree-kill": "bin.js"
      }
    },
    "node_modules/tslib": {
      "version": "2.6.2",
      "resolved": "https://registry.npmjs.org/tslib/-/tslib-2.6.2.tgz",
      "integrity": "sha512-AEYxH93jGFPn/a2iVAwW87VuUIkR1FVUKB77NwMF7nBTDkDrrT/Hpt/IrCJ0QXhW27jTBDcf5ZY7w6RiqTMw2Q=="
    },
    "node_modules/universalify": {
      "version": "2.0.0",
      "resolved": "https://registry.npmjs.org/universalify/-/universalify-2.0.0.tgz",
      "integrity": "sha512-hAZsKq7Yy11Zu1DE0OzWjw7nnLZmJZYTDZZyEFHZdUhV8FkH5MCfoU1XMaxXovpyW5nq5scPqq0ZDP9Zyl04oQ==",
      "engines": {
        "node": ">= 10.0.0"
      }
    },
    "node_modules/which": {
      "version": "2.0.2",
      "resolved": "https://registry.npmjs.org/which/-/which-2.0.2.tgz",
      "integrity": "sha512-BLI3Tl1TW3Pvl70l3yq3Y64i+awpwXqsGBYWkkqMtnbXgrMD+yj7rhW0kuEDxzJaYXGjEW5ogapKNMEKNMjibA==",
      "dependencies": {
        "isexe": "^2.0.0"
      },
      "engines": {
        "node": ">= 8"
      }
    },
    "node_modules/yaml": {
      "version": "2.3.4",
      "resolved": "https://registry.npmjs.org/yaml/-/yaml-2.3.4.tgz",
      "integrity": "sha512-8aAvwVUSHpfEqTQ4w/KMlf3HcRdt50E5ODIQJBw1fQ5RL34rhszWbqXEobXwFOVJC0y6D7BElVq6eKtL7xIcbA==",
      "engines": {
        "node": ">= 14"
      }
    }
  }
}